
Microsoft Visual Studio Solution File, Format Version 12.00
# Visual Studio Version 17
VisualStudioVersion = 17.7.34031.279
MinimumVisualStudioVersion = 10.0.40219.1
Project("{8BC9CEB8-8B4A-11D0-8D11-00A0C91BC942}") = "23F-0791-2D-As#01", "23F-0791-2D-As#01\23F-0791-2D-As#01.vcxproj", "{E7A1317E-25E1-46C9-B597-85E722EA2BCF}"
EndProject
Global
	GlobalSection(SolutionConfigurationPlatforms) = preSolution
		Debug|x64 = Debug|x64
		Debug|x86 = Debug|x86
		Release|x64 = Release|x64
		Release|x86 = Release|x86
	EndGlobalSection
	GlobalSection(ProjectConfigurationPlatforms) = postSolution
		{E7A1317E-25E1-46C9-B597-85E722EA2BCF}.Debug|x64.ActiveCfg = Debug|x64
		{E7A1317E-25E1-46C9-B597-85E722EA2BCF}.Debug|x64.Build.0 = Debug|x64
		{E7A1317E-25E1-46C9-B597-85E722EA2BCF}.Debug|x86.ActiveCfg = Debug|Win32
		{E7A1317E-25E1-46C9-B597-85E722EA2BCF}.Debug|x86.Build.0 = Debug|Win32
		{E7A1317E-25E1-46C9-B597-85E722EA2BCF}.Release|x64.ActiveCfg = Release|x64
		{E7A1317E-25E1-46C9-B597-85E722EA2BCF}.Release|x64.Build.0 = Release|x64
		{E7A1317E-25E1-46C9-B597-85E722EA2BCF}.Release|x86.ActiveCfg = Release|Win32
		{E7A1317E-25E1-46C9-B597-85E722EA2BCF}.Release|x86.Build.0 = Release|Win32
	EndGlobalSection
	GlobalSection(SolutionProperties) = preSolution
		HideSolutionNode = FALSE
	EndGlobalSection
	GlobalSection(ExtensibilityGlobals) = postSolution
		SolutionGuid = {000DA6EE-332F-4906-B74A-F2CB13978FE7}
	EndGlobalSection
EndGlobal
